
Microsoft Visual Studio Solution File, Format Version 12.00
# Visual Studio Version 17
VisualStudioVersion = 17.0.31903.59
MinimumVisualStudioVersion = 10.0.40219.1
Project("{FAE04EC0-301F-11D3-BF4B-00C04F79EFBC}") = "DDDExample.API", "DDDExample.API\DDDExample.API.csproj", "{988DCB15-CF1B-401D-A84A-15D0D1561827}"
EndProject
Project("{FAE04EC0-301F-11D3-BF4B-00C04F79EFBC}") = "DDDExample.Application", "DDDExample.Application\DDDExample.Application.csproj", "{7BAEBAE8-EABC-4403-97A5-3C1C474BCED0}"
EndProject
Project("{FAE04EC0-301F-11D3-BF4B-00C04F79EFBC}") = "DDDExample.Domain", "DDDExample.Domain\DDDExample.Domain.csproj", "{9A9DBEF3-A876-4235-927F-DAA713CB740C}"
EndProject
Project("{FAE04EC0-301F-11D3-BF4B-00C04F79EFBC}") = "DDDExample.Infrastructure", "DDDExample.Infrastructure\DDDExample.Infrastructure.csproj", "{DE83CCE7-0D53-4772-A851-C8DC543CB22C}"
EndProject
Global
	GlobalSection(SolutionConfigurationPlatforms) = preSolution
		Debug|Any CPU = Debug|Any CPU
		Debug|x64 = Debug|x64
		Debug|x86 = Debug|x86
		Release|Any CPU = Release|Any CPU
		Release|x64 = Release|x64
		Release|x86 = Release|x86
	EndGlobalSection
	GlobalSection(ProjectConfigurationPlatforms) = postSolution
		{988DCB15-CF1B-401D-A84A-15D0D1561827}.Debug|Any CPU.ActiveCfg = Debug|Any CPU
		{988DCB15-CF1B-401D-A84A-15D0D1561827}.Debug|Any CPU.Build.0 = Debug|Any CPU
		{988DCB15-CF1B-401D-A84A-15D0D1561827}.Debug|x64.ActiveCfg = Debug|Any CPU
		{988DCB15-CF1B-401D-A84A-15D0D1561827}.Debug|x64.Build.0 = Debug|Any CPU
		{988DCB15-CF1B-401D-A84A-15D0D1561827}.Debug|x86.ActiveCfg = Debug|Any CPU
		{988DCB15-CF1B-401D-A84A-15D0D1561827}.Debug|x86.Build.0 = Debug|Any CPU
		{988DCB15-CF1B-401D-A84A-15D0D1561827}.Release|Any CPU.ActiveCfg = Release|Any CPU
		{988DCB15-CF1B-401D-A84A-15D0D1561827}.Release|Any CPU.Build.0 = Release|Any CPU
		{988DCB15-CF1B-401D-A84A-15D0D1561827}.Release|x64.ActiveCfg = Release|Any CPU
		{988DCB15-CF1B-401D-A84A-15D0D1561827}.Release|x64.Build.0 = Release|Any CPU
		{988DCB15-CF1B-401D-A84A-15D0D1561827}.Release|x86.ActiveCfg = Release|Any CPU
		{988DCB15-CF1B-401D-A84A-15D0D1561827}.Release|x86.Build.0 = Release|Any CPU
		{7BAEBAE8-EABC-4403-97A5-3C1C474BCED0}.Debug|Any CPU.ActiveCfg = Debug|Any CPU
		{7BAEBAE8-EABC-4403-97A5-3C1C474BCED0}.Debug|Any CPU.Build.0 = Debug|Any CPU
		{7BAEBAE8-EABC-4403-97A5-3C1C474BCED0}.Debug|x64.ActiveCfg = Debug|Any CPU
		{7BAEBAE8-EABC-4403-97A5-3C1C474BCED0}.Debug|x64.Build.0 = Debug|Any CPU
		{7BAEBAE8-EABC-4403-97A5-3C1C474BCED0}.Debug|x86.ActiveCfg = Debug|Any CPU
		{7BAEBAE8-EABC-4403-97A5-3C1C474BCED0}.Debug|x86.Build.0 = Debug|Any CPU
		{7BAEBAE8-EABC-4403-97A5-3C1C474BCED0}.Release|Any CPU.ActiveCfg = Release|Any CPU
		{7BAEBAE8-EABC-4403-97A5-3C1C474BCED0}.Release|Any CPU.Build.0 = Release|Any CPU
		{7BAEBAE8-EABC-4403-97A5-3C1C474BCED0}.Release|x64.ActiveCfg = Release|Any CPU
		{7BAEBAE8-EABC-4403-97A5-3C1C474BCED0}.Release|x64.Build.0 = Release|Any CPU
		{7BAEBAE8-EABC-4403-97A5-3C1C474BCED0}.Release|x86.ActiveCfg = Release|Any CPU
		{7BAEBAE8-EABC-4403-97A5-3C1C474BCED0}.Release|x86.Build.0 = Release|Any CPU
		{9A9DBEF3-A876-4235-927F-DAA713CB740C}.Debug|Any CPU.ActiveCfg = Debug|Any CPU
		{9A9DBEF3-A876-4235-927F-DAA713CB740C}.Debug|Any CPU.Build.0 = Debug|Any CPU
		{9A9DBEF3-A876-4235-927F-DAA713CB740C}.Debug|x64.ActiveCfg = Debug|Any CPU
		{9A9DBEF3-A876-4235-927F-DAA713CB740C}.Debug|x64.Build.0 = Debug|Any CPU
		{9A9DBEF3-A876-4235-927F-DAA713CB740C}.Debug|x86.ActiveCfg = Debug|Any CPU
		{9A9DBEF3-A876-4235-927F-DAA713CB740C}.Debug|x86.Build.0 = Debug|Any CPU
		{9A9DBEF3-A876-4235-927F-DAA713CB740C}.Release|Any CPU.ActiveCfg = Release|Any CPU
		{9A9DBEF3-A876-4235-927F-DAA713CB740C}.Release|Any CPU.Build.0 = Release|Any CPU
		{9A9DBEF3-A876-4235-927F-DAA713CB740C}.Release|x64.ActiveCfg = Release|Any CPU
		{9A9DBEF3-A876-4235-927F-DAA713CB740C}.Release|x64.Build.0 = Release|Any CPU
		{9A9DBEF3-A876-4235-927F-DAA713CB740C}.Release|x86.ActiveCfg = Release|Any CPU
		{9A9DBEF3-A876-4235-927F-DAA713CB740C}.Release|x86.Build.0 = Release|Any CPU
		{DE83CCE7-0D53-4772-A851-C8DC543CB22C}.Debug|Any CPU.ActiveCfg = Debug|Any CPU
		{DE83CCE7-0D53-4772-A851-C8DC543CB22C}.Debug|Any CPU.Build.0 = Debug|Any CPU
		{DE83CCE7-0D53-4772-A851-C8DC543CB22C}.Debug|x64.ActiveCfg = Debug|Any CPU
		{DE83CCE7-0D53-4772-A851-C8DC543CB22C}.Debug|x64.Build.0 = Debug|Any CPU
		{DE83CCE7-0D53-4772-A851-C8DC543CB22C}.Debug|x86.ActiveCfg = Debug|Any CPU
		{DE83CCE7-0D53-4772-A851-C8DC543CB22C}.Debug|x86.Build.0 = Debug|Any CPU
		{DE83CCE7-0D53-4772-A851-C8DC543CB22C}.Release|Any CPU.ActiveCfg = Release|Any CPU
		{DE83CCE7-0D53-4772-A851-C8DC543CB22C}.Release|Any CPU.Build.0 = Release|Any CPU
		{DE83CCE7-0D53-4772-A851-C8DC543CB22C}.Release|x64.ActiveCfg = Release|Any CPU
		{DE83CCE7-0D53-4772-A851-C8DC543CB22C}.Release|x64.Build.0 = Release|Any CPU
		{DE83CCE7-0D53-4772-A851-C8DC543CB22C}.Release|x86.ActiveCfg = Release|Any CPU
		{DE83CCE7-0D53-4772-A851-C8DC543CB22C}.Release|x86.Build.0 = Release|Any CPU
	EndGlobalSection
	GlobalSection(SolutionProperties) = preSolution
		HideSolutionNode = FALSE
	EndGlobalSection
EndGlobal
